
Microsoft Visual Studio Solution File, Format Version 12.00
# Visual Studio 15
VisualStudioVersion = 15.0.26430.12
MinimumVisualStudioVersion = 10.0.40219.1
Project("{FAE04EC0-301F-11D3-BF4B-00C04F79EFBC}") = "SSTester", "SSTester\SSTester.csproj", "{2C1F280A-CAEA-4BA4-B8B7-4DEA877C2589}"
EndProject
Project("{FAE04EC0-301F-11D3-BF4B-00C04F79EFBC}") = "mySpeechSynthesizer", "mySpeechSynthesizer\mySpeechSynthesizer.csproj", "{8FA1E108-5A46-488B-8CE3-AF69452D85E0}"
EndProject
Project("{FAE04EC0-301F-11D3-BF4B-00C04F79EFBC}") = "SoundEditor", "SoundEditor\SoundEditor.csproj", "{0F3F8EE0-9E7F-46E4-81BF-4F3E997931D7}"
EndProject
Global
	GlobalSection(SolutionConfigurationPlatforms) = preSolution
		Debug|Any CPU = Debug|Any CPU
		Release|Any CPU = Release|Any CPU
	EndGlobalSection
	GlobalSection(ProjectConfigurationPlatforms) = postSolution
		{2C1F280A-CAEA-4BA4-B8B7-4DEA877C2589}.Debug|Any CPU.ActiveCfg = Debug|Any CPU
		{2C1F280A-CAEA-4BA4-B8B7-4DEA877C2589}.Debug|Any CPU.Build.0 = Debug|Any CPU
		{2C1F280A-CAEA-4BA4-B8B7-4DEA877C2589}.Release|Any CPU.ActiveCfg = Release|Any CPU
		{2C1F280A-CAEA-4BA4-B8B7-4DEA877C2589}.Release|Any CPU.Build.0 = Release|Any CPU
		{8FA1E108-5A46-488B-8CE3-AF69452D85E0}.Debug|Any CPU.ActiveCfg = Debug|Any CPU
		{8FA1E108-5A46-488B-8CE3-AF69452D85E0}.Debug|Any CPU.Build.0 = Debug|Any CPU
		{8FA1E108-5A46-488B-8CE3-AF69452D85E0}.Release|Any CPU.ActiveCfg = Release|Any CPU
		{8FA1E108-5A46-488B-8CE3-AF69452D85E0}.Release|Any CPU.Build.0 = Release|Any CPU
		{0F3F8EE0-9E7F-46E4-81BF-4F3E997931D7}.Debug|Any CPU.ActiveCfg = Debug|Any CPU
		{0F3F8EE0-9E7F-46E4-81BF-4F3E997931D7}.Debug|Any CPU.Build.0 = Debug|Any CPU
		{0F3F8EE0-9E7F-46E4-81BF-4F3E997931D7}.Release|Any CPU.ActiveCfg = Release|Any CPU
		{0F3F8EE0-9E7F-46E4-81BF-4F3E997931D7}.Release|Any CPU.Build.0 = Release|Any CPU
	EndGlobalSection
	GlobalSection(SolutionProperties) = preSolution
		HideSolutionNode = FALSE
	EndGlobalSection
	GlobalSection(ExtensibilityGlobals) = postSolution
		SolutionGuid = {0204C48C-CFA5-4C1A-9ABE-BBEDBEF18F14}
	EndGlobalSection
EndGlobal
